# THIS IS AN AUTOGENERATED FILE. DO NOT EDIT THIS FILE DIRECTLY.
# yarn lockfile v1


a-sync-waterfall@^1.0.0:
  version "1.0.1"
  resolved "https://registry.npmjs.org/a-sync-waterfall/-/a-sync-waterfall-1.0.1.tgz"
  integrity sha512-RYTOHHdWipFUliRFMCS4X2Yn2X8M87V/OpSqWzKKOGhzqyUxzyVmhHDH9sAvG+ZuQf/TAOFsLCpMw09I1ufUnA==

abbrev@^1.1.1:
  version "1.1.1"
  resolved "http://registry.m.jd.com/abbrev/download/abbrev-1.1.1.tgz"
  integrity sha1-+PLIh60Qv2f2NPAFtph/7TF5qsg=

accepts@~1.3.5:
  version "1.3.5"
  resolved "https://registry.npmjs.org/accepts/-/accepts-1.3.5.tgz"
  integrity sha1-63d99gEXI6OxTopywIBcjoZ0a9I=
  dependencies:
    mime-types "~2.1.18"
    negotiator "0.6.1"

align-text@^0.1.1, align-text@^0.1.3:
  version "0.1.4"
  resolved "http://registry.m.jd.com/align-text/download/align-text-0.1.4.tgz"
  integrity sha1-DNkKVhCT810KmSVsIrcGlDP60Rc=
  dependencies:
    kind-of "^3.0.2"
    longest "^1.0.1"
    repeat-string "^1.5.2"

ansi-regex@^5.0.0:
  version "5.0.0"
  resolved "http://registry.m.jd.com/ansi-regex/download/ansi-regex-5.0.0.tgz"
  integrity sha1-OIU59VF5vzkznIGvMKZU1p+Hy3U=

ansi-styles@^4.1.0:
  version "4.3.0"
  resolved "http://registry.m.jd.com/ansi-styles/download/ansi-styles-4.3.0.tgz"
  integrity sha1-7dgDYornHATIWuegkG7a00tkiTc=
  dependencies:
    color-convert "^2.0.1"

anymatch@~3.1.2:
  version "3.1.2"
  resolved "http://registry.m.jd.com/anymatch/download/anymatch-3.1.2.tgz"
  integrity sha1-wFV8CWrzLxBhmPT04qODU343hxY=
  dependencies:
    normalize-path "^3.0.0"
    picomatch "^2.0.4"

archy@^1.0.0:
  version "1.0.0"
  resolved "https://registry.npmjs.org/archy/-/archy-1.0.0.tgz"
  integrity sha1-+cjBN1fMHde8N5rHeyxipcKGjEA=

argparse@^1.0.7:
  version "1.0.10"
  resolved "http://registry.m.jd.com/argparse/download/argparse-1.0.10.tgz"
  integrity sha1-vNZ5HqWuCXJeF+WtmIE0zUCz2RE=
  dependencies:
    sprintf-js "~1.0.2"

argparse@^2.0.1:
  version "2.0.1"
  resolved "http://registry.m.jd.com/argparse/download/argparse-2.0.1.tgz"
  integrity sha1-JG9Q88p4oyQPbJl+ipvR6sSeSzg=

asap@^2.0.3:
  version "2.0.6"
  resolved "https://registry.npmjs.org/asap/-/asap-2.0.6.tgz"
  integrity sha1-5QNHYR1+aQlDIIu9r+vLwvuGbUY=

async@~0.2.6:
  version "0.2.10"
  resolved "http://registry.m.jd.com/async/download/async-0.2.10.tgz"
  integrity sha1-trvgsGdLnXGXCMo43owjfLUmw9E=

basic-auth@~2.0.0:
  version "2.0.1"
  resolved "https://registry.npmjs.org/basic-auth/-/basic-auth-2.0.1.tgz"
  integrity sha512-NF+epuEdnUYVlGuhaxbbq+dvJttwLnGY+YixlXlME5KpQ5W3CnXA5cVTneY3SPbPDRkcjMbifrwmFYcClgOZeg==
  dependencies:
    safe-buffer "5.1.2"

binary-extensions@^2.0.0:
  version "2.2.0"
  resolved "http://registry.m.jd.com/binary-extensions/download/binary-extensions-2.2.0.tgz"
  integrity sha1-dfUC7q+f/eQvyYgpZFvk6na9ni0=

bluebird@^3.2.2, bluebird@^3.5.0, bluebird@^3.5.1, bluebird@^3.5.2, bluebird@^3.5.5:
  version "3.7.2"
  resolved "http://registry.m.jd.com/bluebird/download/bluebird-3.7.2.tgz"
  integrity sha1-nyKcFb4nJFT/qXOs4NvueaGww28=

braces@^3.0.1, braces@~3.0.2:
  version "3.0.2"
  resolved "http://registry.m.jd.com/braces/download/braces-3.0.2.tgz"
  integrity sha1-NFThpGLujVmeI23zNs2epPiv4Qc=
  dependencies:
    fill-range "^7.0.1"

bytes@3.0.0:
  version "3.0.0"
  resolved "https://registry.npmjs.org/bytes/-/bytes-3.0.0.tgz"
  integrity sha1-0ygVQE1olpn4Wk6k+odV3ROpYEg=

camel-case@^4.0.0:
  version "4.1.2"
  resolved "http://registry.m.jd.com/camel-case/download/camel-case-4.1.2.tgz"
  integrity sha1-lygHKpVPgFIoIlpt7qazhGHhvVo=
  dependencies:
    pascal-case "^3.1.2"
    tslib "^2.0.3"

camelcase@^1.0.2:
  version "1.2.1"
  resolved "http://registry.m.jd.com/camelcase/download/camelcase-1.2.1.tgz"
  integrity sha1-m7UwTS4LVmmLLHWLCKPqqdqlijk=

center-align@^0.1.1:
  version "0.1.3"
  resolved "http://registry.m.jd.com/center-align/download/center-align-0.1.3.tgz"
  integrity sha1-qg0yYptu6XIgBBHL1EYckHvCt60=
  dependencies:
    align-text "^0.1.3"
    lazy-cache "^1.0.3"

chalk@^3.0.0:
  version "3.0.0"
  resolved "http://registry.m.jd.com/chalk/download/chalk-3.0.0.tgz"
  integrity sha1-P3PCv1JlkfV0zEksUeJFY0n4ROQ=
  dependencies:
    ansi-styles "^4.1.0"
    supports-color "^7.1.0"

chalk@^4.0.0:
  version "4.1.1"
  resolved "http://registry.m.jd.com/chalk/download/chalk-4.1.1.tgz"
  integrity sha1-yAs/qyi/Y3HmhjMl7uZ+YYt35q0=
  dependencies:
    ansi-styles "^4.1.0"
    supports-color "^7.1.0"

chokidar@^3.0.0, chokidar@^3.3.0:
  version "3.5.2"
  resolved "http://registry.m.jd.com/chokidar/download/chokidar-3.5.2.tgz"
  integrity sha1-26OXb8rbAW9m/TZQIdkWANAcHnU=
  dependencies:
    anymatch "~3.1.2"
    braces "~3.0.2"
    glob-parent "~5.1.2"
    is-binary-path "~2.1.0"
    is-glob "~4.0.1"
    normalize-path "~3.0.0"
    readdirp "~3.6.0"
  optionalDependencies:
    fsevents "~2.3.2"

cliui@^2.1.0:
  version "2.1.0"
  resolved "http://registry.m.jd.com/cliui/download/cliui-2.1.0.tgz"
  integrity sha1-S0dXYP+AJkx2LDoXGQMukcf+oNE=
  dependencies:
    center-align "^0.1.1"
    right-align "^0.1.1"
    wordwrap "0.0.2"

color-convert@^2.0.1:
  version "2.0.1"
  resolved "http://registry.m.jd.com/color-convert/download/color-convert-2.0.1.tgz"
  integrity sha1-ctOmjVmMm9s68q0ehPIdiWq9TeM=
  dependencies:
    color-name "~1.1.4"

color-name@~1.1.4:
  version "1.1.4"
  resolved "http://registry.m.jd.com/color-name/download/color-name-1.1.4.tgz"
  integrity sha1-wqCah6y95pVD3m9j+jmVyCbFNqI=

command-exists@^1.2.8:
  version "1.2.9"
  resolved "http://registry.m.jd.com/command-exists/download/command-exists-1.2.9.tgz"
  integrity sha1-xQclrzgIyKsCYP1gsB+/oluVT2k=

commander@^5.1.0:
  version "5.1.0"
  resolved "http://registry.m.jd.com/commander/download/commander-5.1.0.tgz"
  integrity sha1-Rqu9FlL44Fm92u+Zu9yyrZzxea4=

compressible@~2.0.16:
  version "2.0.18"
  resolved "http://registry.m.jd.com/compressible/download/compressible-2.0.18.tgz"
  integrity sha1-r1PMprBw1MPAdQ+9dyhqbXzEb7o=
  dependencies:
    mime-db ">= 1.43.0 < 2"

compression@^1.7.4:
  version "1.7.4"
  resolved "http://registry.m.jd.com/compression/download/compression-1.7.4.tgz"
  integrity sha1-lVI+/xcMpXwpoMpB5v4TH0Hlu48=
  dependencies:
    accepts "~1.3.5"
    bytes "3.0.0"
    compressible "~2.0.16"
    debug "2.6.9"
    on-headers "~1.0.2"
    safe-buffer "5.1.2"
    vary "~1.1.2"

connect@^3.7.0:
  version "3.7.0"
  resolved "http://registry.m.jd.com/connect/download/connect-3.7.0.tgz"
  integrity sha1-XUk0iRDKpeB6AYALAw0MNfIEhPg=
  dependencies:
    debug "2.6.9"
    finalhandler "1.1.2"
    parseurl "~1.3.3"
    utils-merge "1.0.1"

copy-anything@^2.0.1:
  version "2.0.3"
  resolved "http://registry.m.jd.com/copy-anything/download/copy-anything-2.0.3.tgz"
  integrity sha1-hCQHugJGaw34RIGbvjuuu+XUXYc=
  dependencies:
    is-what "^3.12.0"

cross-spawn@^7.0.0:
  version "7.0.3"
  resolved "http://registry.m.jd.com/cross-spawn/download/cross-spawn-7.0.3.tgz"
  integrity sha1-9zqFudXUHQRVUcF34ogtSshXKKY=
  dependencies:
    path-key "^3.1.0"
    shebang-command "^2.0.0"
    which "^2.0.1"

cuid@^2.1.4:
  version "2.1.8"
  resolved "http://registry.m.jd.com/cuid/download/cuid-2.1.8.tgz"
  integrity sha1-y7iPlUFx4NV0dgbAE5+2XFEB6sA=

debug@2.6.9:
  version "2.6.9"
  resolved "https://registry.npmjs.org/debug/-/debug-2.6.9.tgz"
  integrity sha512-bC7ElrdJaJnPbAP+1EotYvqZsb3ecl5wi6Bfi6BJTUcNowp6cvspg0jXznRTKDjm/E7AdgFBVeAPVMNcKGsHMA==
  dependencies:
    ms "2.0.0"

decamelize@^1.0.0:
  version "1.2.0"
  resolved "http://registry.m.jd.com/decamelize/download/decamelize-1.2.0.tgz"
  integrity sha1-9lNNFRSCabIDUue+4m9QH5oZEpA=

deepmerge@^4.2.2:
  version "4.2.2"
  resolved "http://registry.m.jd.com/deepmerge/download/deepmerge-4.2.2.tgz"
  integrity sha1-RNLqNnm49NT/ujPwPYZfwee/SVU=

depd@~1.1.2:
  version "1.1.2"
  resolved "https://registry.npmjs.org/depd/-/depd-1.1.2.tgz"
  integrity sha1-m81S4UwJd2PnSbJ0xDRu0uVgtak=

destroy@~1.0.4:
  version "1.0.4"
  resolved "https://registry.npmjs.org/destroy/-/destroy-1.0.4.tgz"
  integrity sha1-l4hXRCxEdJ5CBmE+N5RiBYJqvYA=

dom-serializer@^1.0.1:
  version "1.3.2"
  resolved "http://registry.m.jd.com/dom-serializer/download/dom-serializer-1.3.2.tgz"
  integrity sha1-YgZDfTLO767HFhgDIwx6ILwbTZE=
  dependencies:
    domelementtype "^2.0.1"
    domhandler "^4.2.0"
    entities "^2.0.0"

domelementtype@^2.0.1, domelementtype@^2.2.0:
  version "2.2.0"
  resolved "http://registry.m.jd.com/domelementtype/download/domelementtype-2.2.0.tgz"
  integrity sha1-mgtsJ4LtahxzI9QiZxg9+b2LHVc=

domhandler@^3.0.0:
  version "3.3.0"
  resolved "http://registry.m.jd.com/domhandler/download/domhandler-3.3.0.tgz"
  integrity sha1-bbfqRuRhfrFc+HXfaLK4UkzgA3o=
  dependencies:
    domelementtype "^2.0.1"

domhandler@^4.0.0, domhandler@^4.2.0:
  version "4.2.0"
  resolved "http://registry.m.jd.com/domhandler/download/domhandler-4.2.0.tgz"
  integrity sha1-+XaKXwNL5gqJonwuTQ9066DYsFk=
  dependencies:
    domelementtype "^2.2.0"

domutils@^2.0.0, domutils@^2.5.2:
  version "2.7.0"
  resolved "http://registry.m.jd.com/domutils/download/domutils-2.7.0.tgz"
  integrity sha1-jrrwxB66/PVbC3LsMcVjI3EsVEI=
  dependencies:
    dom-serializer "^1.0.1"
    domelementtype "^2.2.0"
    domhandler "^4.2.0"

ee-first@1.1.1:
  version "1.1.1"
  resolved "https://registry.npmjs.org/ee-first/-/ee-first-1.1.1.tgz"
  integrity sha1-WQxhFWsK4vTwJVcyoViyZrxWsh0=

ejs@^2.6.1:
  version "2.7.4"
  resolved "http://registry.m.jd.com/ejs/download/ejs-2.7.4.tgz"
  integrity sha1-SGYSh1c9zFPjZsehrlLDoSDuybo=

encodeurl@~1.0.2:
  version "1.0.2"
  resolved "https://registry.npmjs.org/encodeurl/-/encodeurl-1.0.2.tgz"
  integrity sha1-rT/0yG7C0CkyL1oCw6mmBslbP1k=

entities@^2.0.0:
  version "2.2.0"
  resolved "http://registry.m.jd.com/entities/download/entities-2.2.0.tgz"
  integrity sha1-CY3JDruD2N/6CJ1VJWs1HTTE2lU=

errno@^0.1.1:
  version "0.1.8"
  resolved "http://registry.m.jd.com/errno/download/errno-0.1.8.tgz"
  integrity sha1-i7Ppx9Rjvkl2/4iPdrSAnrwugR8=
  dependencies:
    prr "~1.0.1"

escape-html@~1.0.3:
  version "1.0.3"
  resolved "https://registry.npmjs.org/escape-html/-/escape-html-1.0.3.tgz"
  integrity sha1-Aljq5NPQwJdN4cFpGI7wBR0dGYg=

escape-string-regexp@^2.0.0:
  version "2.0.0"
  resolved "http://registry.m.jd.com/escape-string-regexp/download/escape-string-regexp-2.0.0.tgz"
  integrity sha1-owME6Z2qMuI7L9IPUbq9B8/8o0Q=

esprima@^4.0.0:
  version "4.0.1"
  resolved "http://registry.m.jd.com/esprima/download/esprima-4.0.1.tgz"
  integrity sha1-E7BM2z5sXRnfkatph6hpVhmwqnE=

etag@~1.8.1:
  version "1.8.1"
  resolved "https://registry.npmjs.org/etag/-/etag-1.8.1.tgz"
  integrity sha1-Qa4u62XvpiJorr/qg6x9eSmbCIc=

fill-range@^7.0.1:
  version "7.0.1"
  resolved "http://registry.m.jd.com/fill-range/download/fill-range-7.0.1.tgz"
  integrity sha1-GRmmp8df44ssfHflGYU12prN2kA=
  dependencies:
    to-regex-range "^5.0.1"

finalhandler@1.1.2:
  version "1.1.2"
  resolved "http://registry.m.jd.com/finalhandler/download/finalhandler-1.1.2.tgz"
  integrity sha1-t+fQAP/RGTjQ/bBTUG9uur6fWH0=
  dependencies:
    debug "2.6.9"
    encodeurl "~1.0.2"
    escape-html "~1.0.3"
    on-finished "~2.3.0"
    parseurl "~1.3.3"
    statuses "~1.5.0"
    unpipe "~1.0.0"

fresh@0.5.2:
  version "0.5.2"
  resolved "https://registry.npmjs.org/fresh/-/fresh-0.5.2.tgz"
  integrity sha1-PYyt2Q2XZWn6g1qx+OSyOhBWBac=

fsevents@~2.3.2:
  version "2.3.2"
  resolved "http://registry.m.jd.com/fsevents/download/fsevents-2.3.2.tgz"
  integrity sha1-ilJveLj99GI7cJ4Ll1xSwkwC/Ro=

function-bind@^1.1.1:
  version "1.1.1"
  resolved "http://registry.m.jd.com/function-bind/download/function-bind-1.1.1.tgz"
  integrity sha1-pWiZ0+o8m6uHS7l3O3xe3pL0iV0=

glob-parent@~5.1.2:
  version "5.1.2"
  resolved "http://registry.m.jd.com/glob-parent/download/glob-parent-5.1.2.tgz"
  integrity sha1-hpgyxYA0/mikCTwX3BXoNA2EAcQ=
  dependencies:
    is-glob "^4.0.1"

graceful-fs@^4.1.11, graceful-fs@^4.1.2, graceful-fs@^4.1.3:
  version "4.2.6"
  resolved "http://registry.m.jd.com/graceful-fs/download/graceful-fs-4.2.6.tgz"
  integrity sha1-/wQLKwhTsjw9MQJ1I3BvGIXXa+4=

has-flag@^4.0.0:
  version "4.0.0"
  resolved "http://registry.m.jd.com/has-flag/download/has-flag-4.0.0.tgz"
  integrity sha1-lEdx/ZyByBJlxNaUGGDaBrtZR5s=

has@^1.0.3:
  version "1.0.3"
  resolved "http://registry.m.jd.com/has/download/has-1.0.3.tgz"
  integrity sha1-ci18v8H2qoJB8W3YFOAR4fQeh5Y=
  dependencies:
    function-bind "^1.1.1"

hexo-cli@^4.0.0:
  version "4.2.0"
  resolved "http://registry.m.jd.com/hexo-cli/download/hexo-cli-4.2.0.tgz"
  integrity sha1-dGR7xyqQuc6/BK9bxwg5qygaMF0=
  dependencies:
    abbrev "^1.1.1"
    bluebird "^3.5.5"
    chalk "^4.0.0"
    command-exists "^1.2.8"
    hexo-fs "^3.0.1"
    hexo-log "^2.0.0"
    hexo-util "^2.0.0"
    minimist "^1.2.5"
    resolve "^1.11.0"
    tildify "^2.0.0"

hexo-deployer-git@^2.1.0:
  version "2.1.0"
  resolved "http://registry.m.jd.com/hexo-deployer-git/download/hexo-deployer-git-2.1.0.tgz"
  integrity sha1-LnLwXXsxjb4pkp0VbqE/kTI1T/E=
  dependencies:
    bluebird "^3.5.0"
    chalk "^3.0.0"
    hexo-fs "^2.0.0"
    hexo-util "^1.0.0"
    moment "^2.18.0"
    swig-templates "^2.0.2"

hexo-front-matter@^2.0.0:
  version "2.0.0"
  resolved "http://registry.m.jd.com/hexo-front-matter/download/hexo-front-matter-2.0.0.tgz"
  integrity sha1-A/Oanu2xbFRI27O+x9/yxOIkAGw=
  dependencies:
    js-yaml "^3.13.1"

hexo-fs@^2.0.0:
  version "2.0.1"
  resolved "http://registry.m.jd.com/hexo-fs/download/hexo-fs-2.0.1.tgz"
  integrity sha1-q73K3sBnqDJtFLSOEBk1zxpPSOk=
  dependencies:
    bluebird "^3.5.1"
    chokidar "^3.0.0"
    escape-string-regexp "^2.0.0"
    graceful-fs "^4.1.11"

hexo-fs@^3.0.1, hexo-fs@^3.1.0:
  version "3.1.0"
  resolved "http://registry.m.jd.com/hexo-fs/download/hexo-fs-3.1.0.tgz"
  integrity sha1-IFL/csaM2ixXeoeqDqeYCuUD+pk=
  dependencies:
    bluebird "^3.5.1"
    chokidar "^3.0.0"
    graceful-fs "^4.1.11"
    hexo-util "^2.0.0"

hexo-generator-archive@^1.0.0:
  version "1.0.0"
  resolved "http://registry.m.jd.com/hexo-generator-archive/download/hexo-generator-archive-1.0.0.tgz"
  integrity sha1-rSr7EiMqZeL4YI/Byj8ZFi+2N4Y=
  dependencies:
    hexo-pagination "1.0.0"

hexo-generator-category@^1.0.0:
  version "1.0.0"
  resolved "http://registry.m.jd.com/hexo-generator-category/download/hexo-generator-category-1.0.0.tgz"
  integrity sha1-zSorA+sybaPvgh1uKUCEiMwTLrU=
  dependencies:
    hexo-pagination "1.0.0"

hexo-generator-index@^2.0.0:
  version "2.0.0"
  resolved "http://registry.m.jd.com/hexo-generator-index/download/hexo-generator-index-2.0.0.tgz"
  integrity sha1-FecfTSjunSFy4td+jR26BIgu3I8=
  dependencies:
    hexo-pagination "1.0.0"
    timsort "^0.3.0"

hexo-generator-tag@^1.0.0:
  version "1.0.0"
  resolved "http://registry.m.jd.com/hexo-generator-tag/download/hexo-generator-tag-1.0.0.tgz"
  integrity sha1-VOwj3pQJx1WE6oHjYFelkDGwIvE=
  dependencies:
    hexo-pagination "1.0.0"

hexo-i18n@^1.0.0:
  version "1.0.0"
  resolved "http://registry.m.jd.com/hexo-i18n/download/hexo-i18n-1.0.0.tgz"
  integrity sha1-eYP7OjE+kGFbhN2PqUanHEie9b0=
  dependencies:
    sprintf-js "^1.0.3"

hexo-log@^2.0.0:
  version "2.0.0"
  resolved "http://registry.m.jd.com/hexo-log/download/hexo-log-2.0.0.tgz"
  integrity sha1-HcyOlgApsIshmU/ixWxOPWNG6JM=
  dependencies:
    chalk "^4.0.0"

hexo-pagination@1.0.0:
  version "1.0.0"
  resolved "http://registry.m.jd.com/hexo-pagination/download/hexo-pagination-1.0.0.tgz"
  integrity sha1-ycDKNmUme56dCon8PtyvMnaQfcE=

hexo-renderer-ejs@^1.0.0:
  version "1.0.0"
  resolved "http://registry.m.jd.com/hexo-renderer-ejs/download/hexo-renderer-ejs-1.0.0.tgz"
  integrity sha1-Q8TeSe6uIkA2pFffhg6xwUxotLQ=
  dependencies:
    ejs "^2.6.1"

hexo-renderer-less@^2.0.0:
  version "2.0.2"
  resolved "http://registry.m.jd.com/hexo-renderer-less/download/hexo-renderer-less-2.0.2.tgz"
  integrity sha1-9uiR7V8PfTxDCOTNYEBH8tZNhyE=
  dependencies:
    less "^3.9.0"
    micromatch "^4.0.2"

hexo-renderer-marked@^4.0.0:
  version "4.0.0"
  resolved "http://registry.m.jd.com/hexo-renderer-marked/download/hexo-renderer-marked-4.0.0.tgz"
  integrity sha1-9q2ICjhL4Tx+vD/IeI+G+vzxUAc=
  dependencies:
    hexo-util "^2.1.0"
    marked "^2.0.0"

hexo-server@^2.0.0:
  version "2.0.0"
  resolved "http://registry.m.jd.com/hexo-server/download/hexo-server-2.0.0.tgz"
  integrity sha1-GtksyKfTUo/sb/pl/4RT8kL3mD8=
  dependencies:
    bluebird "^3.5.5"
    chalk "^4.0.0"
    compression "^1.7.4"
    connect "^3.7.0"
    mime "^2.4.3"
    morgan "^1.9.1"
    open "^7.0.0"
    serve-static "^1.14.1"

hexo-theme-landscape@^0.0.3:
  version "0.0.3"
  resolved "http://registry.m.jd.com/hexo-theme-landscape/download/hexo-theme-landscape-0.0.3.tgz"
  integrity sha1-h9H01hPam+UkXa0NS4BHnqtw04Y=

hexo-util@^1.0.0:
  version "1.9.1"
  resolved "http://registry.m.jd.com/hexo-util/download/hexo-util-1.9.1.tgz"
  integrity sha1-FdwQ0NykdMl4zbqcIOjQQXrJk94=
  dependencies:
    bluebird "^3.5.2"
    camel-case "^4.0.0"
    cross-spawn "^7.0.0"
    deepmerge "^4.2.2"
    highlight.js "^9.13.1"
    htmlparser2 "^4.0.0"
    prismjs "^1.17.1"
    punycode.js "^2.1.0"
    strip-indent "^3.0.0"
    striptags "^3.1.1"

hexo-util@^2.0.0, hexo-util@^2.1.0, hexo-util@^2.4.0:
  version "2.5.0"
  resolved "http://registry.m.jd.com/hexo-util/download/hexo-util-2.5.0.tgz"
  integrity sha1-3lY1NBEWuiVjp4mg6861WodSIa0=
  dependencies:
    bluebird "^3.5.2"
    camel-case "^4.0.0"
    cross-spawn "^7.0.0"
    deepmerge "^4.2.2"
    highlight.js "^10.7.1"
    htmlparser2 "^6.0.0"
    prismjs "^1.17.1"
    strip-indent "^3.0.0"

hexo@^5.4.0:
  version "5.4.0"
  resolved "http://registry.m.jd.com/hexo/download/hexo-5.4.0.tgz"
  integrity sha1-d9V/ocKfOrBZZP5OvZxE4j31Gzc=
  dependencies:
    abbrev "^1.1.1"
    archy "^1.0.0"
    bluebird "^3.5.2"
    chalk "^4.0.0"
    hexo-cli "^4.0.0"
    hexo-front-matter "^2.0.0"
    hexo-fs "^3.1.0"
    hexo-i18n "^1.0.0"
    hexo-log "^2.0.0"
    hexo-util "^2.4.0"
    js-yaml "^4.0.0"
    micromatch "^4.0.2"
    moment "^2.22.2"
    moment-timezone "^0.5.21"
    nunjucks "^3.2.1"
    pretty-hrtime "^1.0.3"
    resolve "^1.8.1"
    strip-ansi "^6.0.0"
    text-table "^0.2.0"
    tildify "^2.0.0"
    titlecase "^1.1.2"
    warehouse "^4.0.0"

highlight.js@^10.7.1:
  version "10.7.3"
  resolved "http://registry.m.jd.com/highlight.js/download/highlight.js-10.7.3.tgz"
  integrity sha1-aXJy45kTVuQMPKxWanTu9oF1ZTE=

highlight.js@^9.13.1:
  version "9.18.5"
  resolved "http://registry.m.jd.com/highlight.js/download/highlight.js-9.18.5.tgz"
  integrity sha1-0Yo1mGfzeME41oGe38KorNXymCU=

htmlparser2@^4.0.0:
  version "4.1.0"
  resolved "http://registry.m.jd.com/htmlparser2/download/htmlparser2-4.1.0.tgz"
  integrity sha1-mk7xYfLkYl6/ffvmwKL1LRilnng=
  dependencies:
    domelementtype "^2.0.1"
    domhandler "^3.0.0"
    domutils "^2.0.0"
    entities "^2.0.0"

htmlparser2@^6.0.0:
  version "6.1.0"
  resolved "http://registry.m.jd.com/htmlparser2/download/htmlparser2-6.1.0.tgz"
  integrity sha1-xNditsM3GgXb5l6UrkOp+EX7j7c=
  dependencies:
    domelementtype "^2.0.1"
    domhandler "^4.0.0"
    domutils "^2.5.2"
    entities "^2.0.0"

http-errors@~1.7.2:
  version "1.7.3"
  resolved "http://registry.m.jd.com/http-errors/download/http-errors-1.7.3.tgz"
  integrity sha1-bGGeT5xgMIw4UZSYwU+7EKrOuwY=
  dependencies:
    depd "~1.1.2"
    inherits "2.0.4"
    setprototypeof "1.1.1"
    statuses ">= 1.5.0 < 2"
    toidentifier "1.0.0"

image-size@~0.5.0:
  version "0.5.5"
  resolved "http://registry.m.jd.com/image-size/download/image-size-0.5.5.tgz"
  integrity sha1-Cd/Uq50g4p6xw+gLiZA3jfnjy5w=

inherits@2.0.4:
  version "2.0.4"
  resolved "http://registry.m.jd.com/inherits/download/inherits-2.0.4.tgz"
  integrity sha1-D6LGT5MpF8NDOg3tVTY6rjdBa3w=

is-binary-path@~2.1.0:
  version "2.1.0"
  resolved "http://registry.m.jd.com/is-binary-path/download/is-binary-path-2.1.0.tgz"
  integrity sha1-6h9/O4DwZCNug0cPhsCcJU+0Wwk=
  dependencies:
    binary-extensions "^2.0.0"

is-buffer@^1.1.5:
  version "1.1.6"
  resolved "http://registry.m.jd.com/is-buffer/download/is-buffer-1.1.6.tgz"
  integrity sha1-76ouqdqg16suoTqXsritUf776L4=

is-core-module@^2.2.0:
  version "2.5.0"
  resolved "http://registry.m.jd.com/is-core-module/download/is-core-module-2.5.0.tgz"
  integrity sha1-91SENhfHC/0pt72HMnQAzaXBhJE=
  dependencies:
    has "^1.0.3"

is-docker@^2.0.0:
  version "2.2.1"
  resolved "http://registry.m.jd.com/is-docker/download/is-docker-2.2.1.tgz"
  integrity sha1-M+6r4jz+hvFL3kQIoCwM+4U6zao=

is-extglob@^2.1.1:
  version "2.1.1"
  resolved "http://registry.m.jd.com/is-extglob/download/is-extglob-2.1.1.tgz"
  integrity sha1-qIwCU1eR8C7TfHahueqXc8gz+MI=

is-glob@^4.0.1, is-glob@~4.0.1:
  version "4.0.1"
  resolved "http://registry.m.jd.com/is-glob/download/is-glob-4.0.1.tgz"
  integrity sha1-dWfb6fL14kZ7x3q4PEopSCQHpdw=
  dependencies:
    is-extglob "^2.1.1"

is-number@^7.0.0:
  version "7.0.0"
  resolved "http://registry.m.jd.com/is-number/download/is-number-7.0.0.tgz"
  integrity sha1-dTU0W4lnNNX4DE0GxQlVUnoU8Ss=

is-plain-object@^3.0.0:
  version "3.0.1"
  resolved "http://registry.m.jd.com/is-plain-object/download/is-plain-object-3.0.1.tgz"
  integrity sha1-Zi2S0kwKpDAkB7DUXSHyJRyF+Fs=

is-what@^3.12.0:
  version "3.14.1"
  resolved "http://registry.m.jd.com/is-what/download/is-what-3.14.1.tgz"
  integrity sha1-4SIvRt3ahd6tD9HJ3xMXYOd3VcE=

is-wsl@^2.1.1:
  version "2.2.0"
  resolved "http://registry.m.jd.com/is-wsl/download/is-wsl-2.2.0.tgz"
  integrity sha1-dKTHbnfKn9P5MvKQwX6jJs0VcnE=
  dependencies:
    is-docker "^2.0.0"

isexe@^2.0.0:
  version "2.0.0"
  resolved "https://registry.npmjs.org/isexe/-/isexe-2.0.0.tgz"
  integrity sha1-6PvzdNxVb/iUehDcsFctYz8s+hA=

js-yaml@^3.13.1:
  version "3.14.1"
  resolved "http://registry.m.jd.com/js-yaml/download/js-yaml-3.14.1.tgz"
  integrity sha1-2ugS/bOCX6MGYJqHFzg8UMNqBTc=
  dependencies:
    argparse "^1.0.7"
    esprima "^4.0.0"

js-yaml@^4.0.0:
  version "4.1.0"
  resolved "http://registry.m.jd.com/js-yaml/download/js-yaml-4.1.0.tgz"
  integrity sha1-wftl+PUBeQHN0slRhkuhhFihBgI=
  dependencies:
    argparse "^2.0.1"

jsonparse@^1.2.0:
  version "1.3.1"
  resolved "http://registry.m.jd.com/jsonparse/download/jsonparse-1.3.1.tgz"
  integrity sha1-P02uSpH6wxX3EGL4UhzCOfE2YoA=

JSONStream@^1.0.7:
  version "1.3.5"
  resolved "http://registry.m.jd.com/JSONStream/download/JSONStream-1.3.5.tgz"
  integrity sha1-MgjB8I06TZkmGrZPkjArwV4RHKA=
  dependencies:
    jsonparse "^1.2.0"
    through ">=2.2.7 <3"

kind-of@^3.0.2:
  version "3.2.2"
  resolved "http://registry.m.jd.com/kind-of/download/kind-of-3.2.2.tgz"
  integrity sha1-MeohpzS6ubuw8yRm2JOupR5KPGQ=
  dependencies:
    is-buffer "^1.1.5"

lazy-cache@^1.0.3:
  version "1.0.4"
  resolved "http://registry.m.jd.com/lazy-cache/download/lazy-cache-1.0.4.tgz"
  integrity sha1-odePw6UEdMuAhF07O24dpJpEbo4=

less@^3.9.0:
  version "3.13.1"
  resolved "http://registry.m.jd.com/less/download/less-3.13.1.tgz"
  integrity sha1-DryR0qDpwMZzW4PUlrCrBYMHeQk=
  dependencies:
    copy-anything "^2.0.1"
    tslib "^1.10.0"
  optionalDependencies:
    errno "^0.1.1"
    graceful-fs "^4.1.2"
    image-size "~0.5.0"
    make-dir "^2.1.0"
    mime "^1.4.1"
    native-request "^1.0.5"
    source-map "~0.6.0"

longest@^1.0.1:
  version "1.0.1"
  resolved "http://registry.m.jd.com/longest/download/longest-1.0.1.tgz"
  integrity sha1-MKCy2jj3N3DoKUoNIuZiXtd9AJc=

lower-case@^2.0.2:
  version "2.0.2"
  resolved "http://registry.m.jd.com/lower-case/download/lower-case-2.0.2.tgz"
  integrity sha1-b6I3xj29xKgsoP2ILkci3F5jTig=
  dependencies:
    tslib "^2.0.3"

make-dir@^2.1.0:
  version "2.1.0"
  resolved "http://registry.m.jd.com/make-dir/download/make-dir-2.1.0.tgz"
  integrity sha1-XwMQ4YuL6JjMBwCSlaMK5B6R5vU=
  dependencies:
    pify "^4.0.1"
    semver "^5.6.0"

marked@^2.0.0:
  version "2.1.3"
  resolved "http://registry.m.jd.com/marked/download/marked-2.1.3.tgz"
  integrity sha1-vQF872Qxck/Usn4GV/XOsUv/N1M=

micromatch@^4.0.2:
  version "4.0.4"
  resolved "http://registry.m.jd.com/micromatch/download/micromatch-4.0.4.tgz"
  integrity sha1-iW1Rnf6dsl/OlM63pQCRm/iB6/k=
  dependencies:
    braces "^3.0.1"
    picomatch "^2.2.3"

"mime-db@>= 1.43.0 < 2":
  version "1.49.0"
  resolved "http://registry.m.jd.com/mime-db/download/mime-db-1.49.0.tgz"
  integrity sha1-89/eYMmenPO8lwHWh3ePU3ABy+0=

mime-db@~1.36.0:
  version "1.36.0"
  resolved "https://registry.npmjs.org/mime-db/-/mime-db-1.36.0.tgz"
  integrity sha512-L+xvyD9MkoYMXb1jAmzI/lWYAxAMCPvIBSWur0PZ5nOf5euahRLVqH//FKW9mWp2lkqUgYiXPgkzfMUFi4zVDw==

mime-types@~2.1.18:
  version "2.1.20"
  resolved "https://registry.npmjs.org/mime-types/-/mime-types-2.1.20.tgz"
  integrity sha512-HrkrPaP9vGuWbLK1B1FfgAkbqNjIuy4eHlIYnFi7kamZyLLrGlo2mpcx0bBmNpKqBtYtAfGbodDddIgddSJC2A==
  dependencies:
    mime-db "~1.36.0"

mime@^1.4.1:
  version "1.6.0"
  resolved "http://registry.m.jd.com/mime/download/mime-1.6.0.tgz"
  integrity sha1-Ms2eXGRVO9WNGaVor0Uqz/BJgbE=

mime@^2.4.3:
  version "2.5.2"
  resolved "http://registry.m.jd.com/mime/download/mime-2.5.2.tgz"
  integrity sha1-bj3GzCuVEGQ4MOXxnVy3U9pe6r4=

mime@1.6.0:
  version "1.6.0"
  resolved "http://registry.m.jd.com/mime/download/mime-1.6.0.tgz"
  integrity sha1-Ms2eXGRVO9WNGaVor0Uqz/BJgbE=

min-indent@^1.0.0:
  version "1.0.1"
  resolved "http://registry.m.jd.com/min-indent/download/min-indent-1.0.1.tgz"
  integrity sha1-pj9oFnOzBXH76LwlaGrnRu76mGk=

minimist@^1.2.5:
  version "1.2.5"
  resolved "http://registry.m.jd.com/minimist/download/minimist-1.2.5.tgz"
  integrity sha1-Z9ZgFLZqaoqqDAg8X9WN9OTpdgI=

minimist@~0.0.1:
  version "0.0.10"
  resolved "http://registry.m.jd.com/minimist/download/minimist-0.0.10.tgz"
  integrity sha1-3j+YVD2/lggr5IrRoMfNqDYwHc8=

moment-timezone@^0.5.21:
  version "0.5.21"
  resolved "https://registry.npmjs.org/moment-timezone/-/moment-timezone-0.5.21.tgz"
  integrity sha512-j96bAh4otsgj3lKydm3K7kdtA3iKf2m6MY2iSYCzCm5a1zmHo1g+aK3068dDEeocLZQIS9kU8bsdQHLqEvgW0A==
  dependencies:
    moment ">= 2.9.0"

moment@^2.18.0, moment@^2.22.2, "moment@>= 2.9.0":
  version "2.22.2"
  resolved "https://registry.npmjs.org/moment/-/moment-2.22.2.tgz"
  integrity sha1-PCV/mDn8DpP/UxSWMiOeuQeD/2Y=

morgan@^1.9.1:
  version "1.9.1"
  resolved "https://registry.npmjs.org/morgan/-/morgan-1.9.1.tgz"
  integrity sha512-HQStPIV4y3afTiCYVxirakhlCfGkI161c76kKFca7Fk1JusM//Qeo1ej2XaMniiNeaZklMVrh3vTtIzpzwbpmA==
  dependencies:
    basic-auth "~2.0.0"
    debug "2.6.9"
    depd "~1.1.2"
    on-finished "~2.3.0"
    on-headers "~1.0.1"

ms@2.0.0:
  version "2.0.0"
  resolved "https://registry.npmjs.org/ms/-/ms-2.0.0.tgz"
  integrity sha1-VgiurfwAvmwpAd9fmGF4jeDVl8g=

ms@2.1.1:
  version "2.1.1"
  resolved "http://registry.m.jd.com/ms/download/ms-2.1.1.tgz"
  integrity sha1-MKWGTrPrsKZvLr5tcnrwagnYbgo=

native-request@^1.0.5:
  version "1.0.8"
  resolved "http://registry.m.jd.com/native-request/download/native-request-1.0.8.tgz"
  integrity sha1-j2a/YG4PfqJ8DlmV6y9dA+M65vs=

negotiator@0.6.1:
  version "0.6.1"
  resolved "https://registry.npmjs.org/negotiator/-/negotiator-0.6.1.tgz"
  integrity sha1-KzJxhOiZIQEXeyhWP7XnECrNDKk=

no-case@^3.0.4:
  version "3.0.4"
  resolved "http://registry.m.jd.com/no-case/download/no-case-3.0.4.tgz"
  integrity sha1-02H9XJgA9VhVGoNp/A3NRmK2Ek0=
  dependencies:
    lower-case "^2.0.2"
    tslib "^2.0.3"

normalize-path@^3.0.0, normalize-path@~3.0.0:
  version "3.0.0"
  resolved "http://registry.m.jd.com/normalize-path/download/normalize-path-3.0.0.tgz"
  integrity sha1-Dc1p/yOhybEf0JeDFmRKA4ghamU=

nunjucks@^3.2.1:
  version "3.2.3"
  resolved "http://registry.m.jd.com/nunjucks/download/nunjucks-3.2.3.tgz"
  integrity sha1-GzNhUkcpDpTigmO12FXs52VkijE=
  dependencies:
    a-sync-waterfall "^1.0.0"
    asap "^2.0.3"
    commander "^5.1.0"

on-finished@~2.3.0:
  version "2.3.0"
  resolved "https://registry.npmjs.org/on-finished/-/on-finished-2.3.0.tgz"
  integrity sha1-IPEzZIGwg811M3mSoWlxqi2QaUc=
  dependencies:
    ee-first "1.1.1"

on-headers@~1.0.1, on-headers@~1.0.2:
  version "1.0.2"
  resolved "http://registry.m.jd.com/on-headers/download/on-headers-1.0.2.tgz"
  integrity sha1-dysK5qqlJcOZ5Imt+tkMQD6zwo8=

open@^7.0.0:
  version "7.4.2"
  resolved "http://registry.m.jd.com/open/download/open-7.4.2.tgz"
  integrity sha1-uBR+Jtzz5CYxbHMAif1x7dKcIyE=
  dependencies:
    is-docker "^2.0.0"
    is-wsl "^2.1.1"

optimist@~0.6:
  version "0.6.1"
  resolved "http://registry.m.jd.com/optimist/download/optimist-0.6.1.tgz"
  integrity sha1-2j6nRob6IaGaERwybpDrFaAZZoY=
  dependencies:
    minimist "~0.0.1"
    wordwrap "~0.0.2"

parseurl@~1.3.3:
  version "1.3.3"
  resolved "http://registry.m.jd.com/parseurl/download/parseurl-1.3.3.tgz"
  integrity sha1-naGee+6NEt/wUT7Vt2lXeTvC6NQ=

pascal-case@^3.1.2:
  version "3.1.2"
  resolved "http://registry.m.jd.com/pascal-case/download/pascal-case-3.1.2.tgz"
  integrity sha1-tI4O8rmOIF58Ha50fQsVCCN2YOs=
  dependencies:
    no-case "^3.0.4"
    tslib "^2.0.3"

path-key@^3.1.0:
  version "3.1.1"
  resolved "http://registry.m.jd.com/path-key/download/path-key-3.1.1.tgz"
  integrity sha1-WB9q3mWMu6ZaDTOA3ndTKVBU83U=

path-parse@^1.0.6:
  version "1.0.7"
  resolved "http://registry.m.jd.com/path-parse/download/path-parse-1.0.7.tgz"
  integrity sha1-+8EUtgykKzDZ2vWFjkvWi77bZzU=

picomatch@^2.0.4, picomatch@^2.2.1, picomatch@^2.2.3:
  version "2.3.0"
  resolved "http://registry.m.jd.com/picomatch/download/picomatch-2.3.0.tgz"
  integrity sha1-8fBh3o9qS/AiiS4tEoI0+5gwKXI=

pify@^4.0.1:
  version "4.0.1"
  resolved "http://registry.m.jd.com/pify/download/pify-4.0.1.tgz"
  integrity sha1-SyzSXFDVmHNcUCkiJP2MbfQeMjE=

pretty-hrtime@^1.0.3:
  version "1.0.3"
  resolved "http://registry.npmjs.org/pretty-hrtime/-/pretty-hrtime-1.0.3.tgz"
  integrity sha1-t+PqQkNaTJsnWdmeDyAesZWALuE=

prismjs@^1.17.1:
  version "1.24.1"
  resolved "http://registry.m.jd.com/prismjs/download/prismjs-1.24.1.tgz"
  integrity sha1-xNeJXE1lACiUgvqJNtnN0ZJoQDY=

prr@~1.0.1:
  version "1.0.1"
  resolved "http://registry.m.jd.com/prr/download/prr-1.0.1.tgz"
  integrity sha1-0/wRS6BplaRexok/SEzrHXj19HY=

punycode.js@^2.1.0:
  version "2.1.0"
  resolved "http://registry.m.jd.com/punycode.js/download/punycode.js-2.1.0.tgz"
  integrity sha1-85N/epFBUsLcF+nCgKLPhqJrfNo=

range-parser@~1.2.1:
  version "1.2.1"
  resolved "http://registry.m.jd.com/range-parser/download/range-parser-1.2.1.tgz"
  integrity sha1-PPNwI9GZ4cJNGlW4SADC8+ZGgDE=

readdirp@~3.6.0:
  version "3.6.0"
  resolved "http://registry.m.jd.com/readdirp/download/readdirp-3.6.0.tgz"
  integrity sha1-dKNwvYVxFuJFspzJc0DNQxoCpsc=
  dependencies:
    picomatch "^2.2.1"

repeat-string@^1.5.2:
  version "1.6.1"
  resolved "http://registry.m.jd.com/repeat-string/download/repeat-string-1.6.1.tgz"
  integrity sha1-jcrkcOHIirwtYA//Sndihtp15jc=

resolve@^1.11.0, resolve@^1.8.1:
  version "1.20.0"
  resolved "http://registry.m.jd.com/resolve/download/resolve-1.20.0.tgz"
  integrity sha1-YpoBP7P3B1XW8LeTXMHCxTeLGXU=
  dependencies:
    is-core-module "^2.2.0"
    path-parse "^1.0.6"

rfdc@^1.1.4:
  version "1.3.0"
  resolved "http://registry.m.jd.com/rfdc/download/rfdc-1.3.0.tgz"
  integrity sha1-0LfEQasnINBdxM8m4ByJYx2doIs=

right-align@^0.1.1:
  version "0.1.3"
  resolved "http://registry.m.jd.com/right-align/download/right-align-0.1.3.tgz"
  integrity sha1-YTObci/mo1FWiSENJOFMlhSGE+8=
  dependencies:
    align-text "^0.1.1"

safe-buffer@5.1.2:
  version "5.1.2"
  resolved "https://registry.npmjs.org/safe-buffer/-/safe-buffer-5.1.2.tgz"
  integrity sha512-Gd2UZBJDkXlY7GbJxfsE8/nvKkUEU1G38c1siN6QP6a9PT9MmHB8GnpscSmMJSoF8LOIrt8ud/wPtojys4G6+g==

semver@^5.6.0:
  version "5.7.1"
  resolved "http://registry.m.jd.com/semver/download/semver-5.7.1.tgz"
  integrity sha1-qVT5Ma66UI0we78Gnv8MAclhFvc=

send@0.17.1:
  version "0.17.1"
  resolved "http://registry.m.jd.com/send/download/send-0.17.1.tgz"
  integrity sha1-wdiwWfeQD3Rm3Uk4vcROEd2zdsg=
  dependencies:
    debug "2.6.9"
    depd "~1.1.2"
    destroy "~1.0.4"
    encodeurl "~1.0.2"
    escape-html "~1.0.3"
    etag "~1.8.1"
    fresh "0.5.2"
    http-errors "~1.7.2"
    mime "1.6.0"
    ms "2.1.1"
    on-finished "~2.3.0"
    range-parser "~1.2.1"
    statuses "~1.5.0"

serve-static@^1.14.1:
  version "1.14.1"
  resolved "http://registry.m.jd.com/serve-static/download/serve-static-1.14.1.tgz"
  integrity sha1-Zm5jbcTwEPfvKZcKiKZ0MgiYsvk=
  dependencies:
    encodeurl "~1.0.2"
    escape-html "~1.0.3"
    parseurl "~1.3.3"
    send "0.17.1"

setprototypeof@1.1.1:
  version "1.1.1"
  resolved "http://registry.m.jd.com/setprototypeof/download/setprototypeof-1.1.1.tgz"
  integrity sha1-fpWsskqpL1iF4KvvW6ExMw1K5oM=

shebang-command@^2.0.0:
  version "2.0.0"
  resolved "http://registry.m.jd.com/shebang-command/download/shebang-command-2.0.0.tgz"
  integrity sha1-zNCvT4g1+9wmW4JGGq8MNmY/NOo=
  dependencies:
    shebang-regex "^3.0.0"

shebang-regex@^3.0.0:
  version "3.0.0"
  resolved "http://registry.m.jd.com/shebang-regex/download/shebang-regex-3.0.0.tgz"
  integrity sha1-rhbxZE2HPsrYQ7AwexQzYtTEIXI=

source-map@~0.5.1:
  version "0.5.7"
  resolved "http://registry.m.jd.com/source-map/download/source-map-0.5.7.tgz"
  integrity sha1-igOdLRAh0i0eoUyA2OpGi6LvP8w=

source-map@~0.6.0:
  version "0.6.1"
  resolved "http://registry.m.jd.com/source-map/download/source-map-0.6.1.tgz"
  integrity sha1-dHIq8y6WFOnCh6jQu95IteLxomM=

sprintf-js@^1.0.3:
  version "1.1.2"
  resolved "http://registry.m.jd.com/sprintf-js/download/sprintf-js-1.1.2.tgz"
  integrity sha1-2hdlJiv4wPVxdJ8q1sJjACB65nM=

sprintf-js@~1.0.2:
  version "1.0.3"
  resolved "http://registry.m.jd.com/sprintf-js/download/sprintf-js-1.0.3.tgz"
  integrity sha1-BOaSb2YolTVPPdAVIDYzuFcpfiw=

"statuses@>= 1.5.0 < 2", statuses@~1.5.0:
  version "1.5.0"
  resolved "http://registry.m.jd.com/statuses/download/statuses-1.5.0.tgz"
  integrity sha1-Fhx9rBd2Wf2YEfQ3cfqZOBR4Yow=

strip-ansi@^6.0.0:
  version "6.0.0"
  resolved "http://registry.m.jd.com/strip-ansi/download/strip-ansi-6.0.0.tgz"
  integrity sha1-CxVx3XZpzNTz4G4U7x7tJiJa5TI=
  dependencies:
    ansi-regex "^5.0.0"

strip-indent@^3.0.0:
  version "3.0.0"
  resolved "http://registry.m.jd.com/strip-indent/download/strip-indent-3.0.0.tgz"
  integrity sha1-wy4c7pQLazQyx3G8LFS8znPNMAE=
  dependencies:
    min-indent "^1.0.0"

striptags@^3.1.1:
  version "3.2.0"
  resolved "http://registry.m.jd.com/striptags/download/striptags-3.2.0.tgz"
  integrity sha1-zHShN9st6LC5o3AAYzQWH33WcFI=

supports-color@^7.1.0:
  version "7.2.0"
  resolved "http://registry.m.jd.com/supports-color/download/supports-color-7.2.0.tgz"
  integrity sha1-G33NyzK4E4gBs+R4umpRyqiWSNo=
  dependencies:
    has-flag "^4.0.0"

swig-templates@^2.0.2:
  version "2.0.3"
  resolved "http://registry.m.jd.com/swig-templates/download/swig-templates-2.0.3.tgz"
  integrity sha1-a0xDtGIXXfKo2oV6IEM3nsbqb9A=
  dependencies:
    optimist "~0.6"
    uglify-js "2.6.0"

text-table@^0.2.0:
  version "0.2.0"
  resolved "https://registry.npmjs.org/text-table/-/text-table-0.2.0.tgz"
  integrity sha1-f17oI66AUgfACvLfSoTsP8+lcLQ=

"through@>=2.2.7 <3":
  version "2.3.8"
  resolved "http://registry.m.jd.com/through/download/through-2.3.8.tgz"
  integrity sha1-DdTJ/6q8NXlgsbckEV1+Doai4fU=

tildify@^2.0.0:
  version "2.0.0"
  resolved "http://registry.m.jd.com/tildify/download/tildify-2.0.0.tgz"
  integrity sha1-8gXzZ01nfOaYtwZ6melJzgO0dUo=

timsort@^0.3.0:
  version "0.3.0"
  resolved "http://registry.m.jd.com/timsort/download/timsort-0.3.0.tgz"
  integrity sha1-QFQRqOfmM5/mTbmiNN4R3DHgK9Q=

titlecase@^1.1.2:
  version "1.1.2"
  resolved "https://registry.npmjs.org/titlecase/-/titlecase-1.1.2.tgz"
  integrity sha1-eBE9EQgIa4MmMxoyR96o9aSeqFM=

to-regex-range@^5.0.1:
  version "5.0.1"
  resolved "http://registry.m.jd.com/to-regex-range/download/to-regex-range-5.0.1.tgz"
  integrity sha1-FkjESq58jZiKMmAY7XL1tN0DkuQ=
  dependencies:
    is-number "^7.0.0"

toidentifier@1.0.0:
  version "1.0.0"
  resolved "http://registry.m.jd.com/toidentifier/download/toidentifier-1.0.0.tgz"
  integrity sha1-fhvjRw8ed5SLxD2Uo8j013UrpVM=

tslib@^1.10.0:
  version "1.14.1"
  resolved "http://registry.m.jd.com/tslib/download/tslib-1.14.1.tgz"
  integrity sha1-zy04vcNKE0vK8QkcQfZhni9nLQA=

tslib@^2.0.3:
  version "2.3.0"
  resolved "http://registry.m.jd.com/tslib/download/tslib-2.3.0.tgz"
  integrity sha1-gDuM2rPhK6WBpMpByIObuw2ssJ4=

uglify-js@2.6.0:
  version "2.6.0"
  resolved "http://registry.m.jd.com/uglify-js/download/uglify-js-2.6.0.tgz"
  integrity sha1-JeqhzDVQ45QQzu+v0c+7a20V8AE=
  dependencies:
    async "~0.2.6"
    source-map "~0.5.1"
    uglify-to-browserify "~1.0.0"
    yargs "~3.10.0"

uglify-to-browserify@~1.0.0:
  version "1.0.2"
  resolved "http://registry.m.jd.com/uglify-to-browserify/download/uglify-to-browserify-1.0.2.tgz"
  integrity sha1-bgkk1r2mta/jSeOabWMoUKD4grc=

unpipe@~1.0.0:
  version "1.0.0"
  resolved "https://registry.npmjs.org/unpipe/-/unpipe-1.0.0.tgz"
  integrity sha1-sr9O6FFKrmFltIF4KdIbLvSZBOw=

utils-merge@1.0.1:
  version "1.0.1"
  resolved "https://registry.npmjs.org/utils-merge/-/utils-merge-1.0.1.tgz"
  integrity sha1-n5VxD1CiZ5R7LMwSR0HBAoQn5xM=

vary@~1.1.2:
  version "1.1.2"
  resolved "http://registry.m.jd.com/vary/download/vary-1.1.2.tgz"
  integrity sha1-IpnwLG3tMNSllhsLn3RSShj2NPw=

warehouse@^4.0.0:
  version "4.0.0"
  resolved "http://registry.m.jd.com/warehouse/download/warehouse-4.0.0.tgz"
  integrity sha1-RYMrxD4f0yO9nTyGsnYUMLoNHns=
  dependencies:
    bluebird "^3.2.2"
    cuid "^2.1.4"
    graceful-fs "^4.1.3"
    is-plain-object "^3.0.0"
    JSONStream "^1.0.7"
    rfdc "^1.1.4"

which@^2.0.1:
  version "2.0.2"
  resolved "http://registry.m.jd.com/which/download/which-2.0.2.tgz"
  integrity sha1-fGqN0KY2oDJ+ELWckobu6T8/UbE=
  dependencies:
    isexe "^2.0.0"

window-size@0.1.0:
  version "0.1.0"
  resolved "http://registry.m.jd.com/window-size/download/window-size-0.1.0.tgz"
  integrity sha1-VDjNLqk7IC76Ohn+iIeu58lPnJ0=

wordwrap@~0.0.2:
  version "0.0.3"
  resolved "http://registry.m.jd.com/wordwrap/download/wordwrap-0.0.3.tgz"
  integrity sha1-o9XabNXAvAAI03I0u68b7WMFkQc=

wordwrap@0.0.2:
  version "0.0.2"
  resolved "http://registry.m.jd.com/wordwrap/download/wordwrap-0.0.2.tgz"
  integrity sha1-t5Zpu0LstAn4PVg8rVLKF+qhZD8=

yargs@~3.10.0:
  version "3.10.0"
  resolved "http://registry.m.jd.com/yargs/download/yargs-3.10.0.tgz"
  integrity sha1-9+572FfdfB0tOMDnTvvWgdFDH9E=
  dependencies:
    camelcase "^1.0.2"
    cliui "^2.1.0"
    decamelize "^1.0.0"
    window-size "0.1.0"
